
Microsoft Visual Studio Solution File, Format Version 12.00
# Visual Studio Version 16
VisualStudioVersion = 16.0.30804.86
MinimumVisualStudioVersion = 10.0.40219.1
Project("{9A19103F-16F7-4668-BE54-9A1E7A4F7556}") = "notes.webApi", "notes.webApi\notes.webApi.csproj", "{A19C6681-D15C-49CE-A4F0-4765FB0F5C89}"
EndProject
Project("{9A19103F-16F7-4668-BE54-9A1E7A4F7556}") = "notes.DB", "notes.DB\notes.DB.csproj", "{B5873789-B984-40C8-AC6F-162722CEADE4}"
EndProject
Project("{FAE04EC0-301F-11D3-BF4B-00C04F79EFBC}") = "notes.Core", "notes.Core\notes.Core.csproj", "{001140DB-33AC-4BCF-98FD-965EC90D4354}"
EndProject
Global
	GlobalSection(SolutionConfigurationPlatforms) = preSolution
		Debug|Any CPU = Debug|Any CPU
		Release|Any CPU = Release|Any CPU
	EndGlobalSection
	GlobalSection(ProjectConfigurationPlatforms) = postSolution
		{A19C6681-D15C-49CE-A4F0-4765FB0F5C89}.Debug|Any CPU.ActiveCfg = Debug|Any CPU
		{A19C6681-D15C-49CE-A4F0-4765FB0F5C89}.Debug|Any CPU.Build.0 = Debug|Any CPU
		{A19C6681-D15C-49CE-A4F0-4765FB0F5C89}.Release|Any CPU.ActiveCfg = Release|Any CPU
		{A19C6681-D15C-49CE-A4F0-4765FB0F5C89}.Release|Any CPU.Build.0 = Release|Any CPU
		{B5873789-B984-40C8-AC6F-162722CEADE4}.Debug|Any CPU.ActiveCfg = Debug|Any CPU
		{B5873789-B984-40C8-AC6F-162722CEADE4}.Debug|Any CPU.Build.0 = Debug|Any CPU
		{B5873789-B984-40C8-AC6F-162722CEADE4}.Release|Any CPU.ActiveCfg = Release|Any CPU
		{B5873789-B984-40C8-AC6F-162722CEADE4}.Release|Any CPU.Build.0 = Release|Any CPU
		{001140DB-33AC-4BCF-98FD-965EC90D4354}.Debug|Any CPU.ActiveCfg = Debug|Any CPU
		{001140DB-33AC-4BCF-98FD-965EC90D4354}.Debug|Any CPU.Build.0 = Debug|Any CPU
		{001140DB-33AC-4BCF-98FD-965EC90D4354}.Release|Any CPU.ActiveCfg = Release|Any CPU
		{001140DB-33AC-4BCF-98FD-965EC90D4354}.Release|Any CPU.Build.0 = Release|Any CPU
	EndGlobalSection
	GlobalSection(SolutionProperties) = preSolution
		HideSolutionNode = FALSE
	EndGlobalSection
	GlobalSection(ExtensibilityGlobals) = postSolution
		SolutionGuid = {244A32FE-BCFB-4E22-B2FA-8F110BAB0098}
	EndGlobalSection
EndGlobal
